{
  "version": 4,
  "terraform_version": "1.11.0",
  "serial": 1,
  "lineage": "d6a940f8-4971-99f4-9a03-a391a6510807",
  "outputs": {},
  "resources": [
    {
      "mode": "managed",
      "type": "local_file",
      "name": "myFile",
      "provider": "provider[\"registry.terraform.io/hashicorp/local\"]",
      "instances": [
        {
          "schema_version": 0,
          "attributes": {
            "content": "This is first file created using terraform",
            "content_base64": null,
            "content_base64sha256": "s1uEvl7rzjQHaVzfEr8sjXp5Jt+cik9rsk70ztuaCEY=",
            "content_base64sha512": "GLUsuECfr3tmkYM43gc6ZYRmc7uL93zGn/FncDkr5w1a8HJD5CjKH0XosoTgBbe0Rc4MIAdt+Nz3kz04jhfIDw==",
            "content_md5": "b4e668f6dc655364108c186235684d87",
            "content_sha1": "1042468d6cd81a5eda3b275f008f46df2565b06e",
            "content_sha256": "b35b84be5eebce3407695cdf12bf2c8d7a7926df9c8a4f6bb24ef4cedb9a0846",
            "content_sha512": "18b52cb8409faf7b66918338de073a65846673bb8bf77cc69ff16770392be70d5af07243e428ca1f45e8b284e005b7b445ce0c20076df8dcf7933d388e17c80f",
            "directory_permission": "0777",
            "file_permission": "0777",
            "filename": "terra_form_file.txt",
            "id": "1042468d6cd81a5eda3b275f008f46df2565b06e",
            "sensitive_content": null,
            "source": null
          },
          "sensitive_attributes": [
            [
              {
                "type": "get_attr",
                "value": "sensitive_content"
              }
            ]
          ]
        }
      ]
    }
  ],
  "check_results": null
}
